
Microsoft Visual Studio Solution File, Format Version 12.00
# Visual Studio 15
VisualStudioVersion = 15.0.27703.2035
MinimumVisualStudioVersion = 10.0.40219.1
Project("{9A19103F-16F7-4668-BE54-9A1E7A4F7556}") = "SD.TaskTracker.Api", "SD.TaskTracker.Api\SD.TaskTracker.Api.csproj", "{B58184B4-0B05-4D3B-9D22-A6A855E091E9}"
EndProject
Project("{9A19103F-16F7-4668-BE54-9A1E7A4F7556}") = "SD.TaskTracker.IdentityServer", "SD.TaskTracker.IdentityServer\SD.TaskTracker.IdentityServer.csproj", "{341D85E1-5DCE-4960-A4A9-C86F0309249C}"
EndProject
Global
	GlobalSection(SolutionConfigurationPlatforms) = preSolution
		Debug|Any CPU = Debug|Any CPU
		Release|Any CPU = Release|Any CPU
	EndGlobalSection
	GlobalSection(ProjectConfigurationPlatforms) = postSolution
		{B58184B4-0B05-4D3B-9D22-A6A855E091E9}.Debug|Any CPU.ActiveCfg = Debug|Any CPU
		{B58184B4-0B05-4D3B-9D22-A6A855E091E9}.Debug|Any CPU.Build.0 = Debug|Any CPU
		{B58184B4-0B05-4D3B-9D22-A6A855E091E9}.Release|Any CPU.ActiveCfg = Release|Any CPU
		{B58184B4-0B05-4D3B-9D22-A6A855E091E9}.Release|Any CPU.Build.0 = Release|Any CPU
		{341D85E1-5DCE-4960-A4A9-C86F0309249C}.Debug|Any CPU.ActiveCfg = Debug|Any CPU
		{341D85E1-5DCE-4960-A4A9-C86F0309249C}.Debug|Any CPU.Build.0 = Debug|Any CPU
		{341D85E1-5DCE-4960-A4A9-C86F0309249C}.Release|Any CPU.ActiveCfg = Release|Any CPU
		{341D85E1-5DCE-4960-A4A9-C86F0309249C}.Release|Any CPU.Build.0 = Release|Any CPU
	EndGlobalSection
	GlobalSection(SolutionProperties) = preSolution
		HideSolutionNode = FALSE
	EndGlobalSection
	GlobalSection(ExtensibilityGlobals) = postSolution
		SolutionGuid = {D619DDB7-B4E0-422F-84AD-B776FD32B670}
	EndGlobalSection
EndGlobal
